{
  "version": "2",
  "remote": {
    "https://deno.land/x/is_url@v1.0.1/isURL.ts": "26c7c013d843bf6c3b22dace7d9afc7c1604cfca611dded60b566c670bcc3019",
    "https://esm.sh/image-type@5.2.0": "b396aabd816039cb72a3fa6b6f1084d25b0174a473da86db71a85e9a35380dc3",
    "https://esm.sh/lru-cache@10.0.0": "e4fa58517b79bbbb3d44cdc994c712f7e8dabcc07013916599e94833996712c1",
    "https://esm.sh/v128/file-type@18.5.0/denonext/file-type.mjs": "3455b63ce3656bab2fa3ea1083be84022461b2e0b9633d35a2daf6a63ad8d608",
    "https://esm.sh/v128/ieee754@1.2.1/denonext/ieee754.mjs": "9ec2806065f50afcd4cf3f3f2f38d93e777a92a5954dda00d219f57d4b24832f",
    "https://esm.sh/v128/image-type@5.2.0/denonext/image-type.mjs": "f7c0a03e6654258b12695270905a171cba3a746bcf8ffc80bc9401540175e2ee",
    "https://esm.sh/v128/inherits@2.0.4/denonext/inherits.mjs": "8095f3d6aea060c904fb24ae50f2882779c0acbe5d56814514c8b5153f3b4b3b",
    "https://esm.sh/v128/lru-cache@10.0.0/denonext/lru-cache.mjs": "07c4092705d4cd15c57cd7c04de101373d67c2b2440ff668644e73fa46e443a1",
    "https://esm.sh/v128/peek-readable@5.0.0/denonext/peek-readable.mjs": "5e799ea86e9c501873f687eda9c891a75ed55ba666b5dd822eaa3d28a8a5f2b1",
    "https://esm.sh/v128/readable-stream@3.6.2/denonext/readable-stream.mjs": "9a020ee65219430a1e18c0224a87571566999ac31e5d239aab8ce452eb7a54da",
    "https://esm.sh/v128/readable-web-to-node-stream@3.0.2/denonext/readable-web-to-node-stream.mjs": "01ee11641752ea1351b5e9b78a293bf999dc4dbd4310c57565cb7b4806cf24e3",
    "https://esm.sh/v128/strtok3@7.0.0/denonext/core.js": "3250eeb57923ca950a60e97d4d95c9d6d6c9b2c37c9de655e064684aef749ab4",
    "https://esm.sh/v128/token-types@5.0.1/denonext/token-types.mjs": "1056b6d3e2a67a3cb299c139afd27a912a32d88938c03c84474baf024507a794",
    "https://esm.sh/v128/util-deprecate@1.0.2/denonext/util-deprecate.mjs": "f69f67cf655c38428b0934e0f7c865c055834a87cc3866b629d6b2beb21005e9"
  }
}
